
Microsoft Visual Studio Solution File, Format Version 12.00
# Visual Studio 2012
Project("{FAE04EC0-301F-11D3-BF4B-00C04F79EFBC}") = "Started_App", "Started_App\Started_App.csproj", "{9EADEAE3-08AA-41C0-818F-2BDBCC8B7F8A}"
EndProject
Project("{FAE04EC0-301F-11D3-BF4B-00C04F79EFBC}") = "Started_App.iOS", "iOS\Started_App.iOS.csproj", "{56539A5B-9354-4F55-A9C5-33127072B17C}"
EndProject
Project("{FAE04EC0-301F-11D3-BF4B-00C04F79EFBC}") = "Started_App.Droid", "Droid\Started_App.Droid.csproj", "{3D914928-50FF-446A-AF54-761E49A2375F}"
EndProject
Global
	GlobalSection(SolutionConfigurationPlatforms) = preSolution
		Debug|Any CPU = Debug|Any CPU
		Release|Any CPU = Release|Any CPU
		Debug|iPhoneSimulator = Debug|iPhoneSimulator
		Release|iPhone = Release|iPhone
		Release|iPhoneSimulator = Release|iPhoneSimulator
		Debug|iPhone = Debug|iPhone
	EndGlobalSection
	GlobalSection(ProjectConfigurationPlatforms) = postSolution
		{9EADEAE3-08AA-41C0-818F-2BDBCC8B7F8A}.Debug|Any CPU.ActiveCfg = Debug|Any CPU
		{9EADEAE3-08AA-41C0-818F-2BDBCC8B7F8A}.Debug|Any CPU.Build.0 = Debug|Any CPU
		{9EADEAE3-08AA-41C0-818F-2BDBCC8B7F8A}.Release|Any CPU.ActiveCfg = Release|Any CPU
		{9EADEAE3-08AA-41C0-818F-2BDBCC8B7F8A}.Release|Any CPU.Build.0 = Release|Any CPU
		{9EADEAE3-08AA-41C0-818F-2BDBCC8B7F8A}.Debug|iPhoneSimulator.ActiveCfg = Debug|Any CPU
		{9EADEAE3-08AA-41C0-818F-2BDBCC8B7F8A}.Debug|iPhoneSimulator.Build.0 = Debug|Any CPU
		{9EADEAE3-08AA-41C0-818F-2BDBCC8B7F8A}.Release|iPhone.ActiveCfg = Release|Any CPU
		{9EADEAE3-08AA-41C0-818F-2BDBCC8B7F8A}.Release|iPhone.Build.0 = Release|Any CPU
		{9EADEAE3-08AA-41C0-818F-2BDBCC8B7F8A}.Release|iPhoneSimulator.ActiveCfg = Release|Any CPU
		{9EADEAE3-08AA-41C0-818F-2BDBCC8B7F8A}.Release|iPhoneSimulator.Build.0 = Release|Any CPU
		{9EADEAE3-08AA-41C0-818F-2BDBCC8B7F8A}.Debug|iPhone.ActiveCfg = Debug|Any CPU
		{9EADEAE3-08AA-41C0-818F-2BDBCC8B7F8A}.Debug|iPhone.Build.0 = Debug|Any CPU
		{56539A5B-9354-4F55-A9C5-33127072B17C}.Debug|Any CPU.ActiveCfg = Debug|iPhoneSimulator
		{56539A5B-9354-4F55-A9C5-33127072B17C}.Debug|Any CPU.Build.0 = Debug|iPhoneSimulator
		{56539A5B-9354-4F55-A9C5-33127072B17C}.Release|Any CPU.ActiveCfg = Release|iPhone
		{56539A5B-9354-4F55-A9C5-33127072B17C}.Release|Any CPU.Build.0 = Release|iPhone
		{56539A5B-9354-4F55-A9C5-33127072B17C}.Debug|iPhoneSimulator.ActiveCfg = Debug|iPhoneSimulator
		{56539A5B-9354-4F55-A9C5-33127072B17C}.Debug|iPhoneSimulator.Build.0 = Debug|iPhoneSimulator
		{56539A5B-9354-4F55-A9C5-33127072B17C}.Release|iPhone.ActiveCfg = Release|iPhone
		{56539A5B-9354-4F55-A9C5-33127072B17C}.Release|iPhone.Build.0 = Release|iPhone
		{56539A5B-9354-4F55-A9C5-33127072B17C}.Release|iPhoneSimulator.ActiveCfg = Release|iPhoneSimulator
		{56539A5B-9354-4F55-A9C5-33127072B17C}.Release|iPhoneSimulator.Build.0 = Release|iPhoneSimulator
		{56539A5B-9354-4F55-A9C5-33127072B17C}.Debug|iPhone.ActiveCfg = Debug|iPhone
		{56539A5B-9354-4F55-A9C5-33127072B17C}.Debug|iPhone.Build.0 = Debug|iPhone
		{3D914928-50FF-446A-AF54-761E49A2375F}.Debug|Any CPU.ActiveCfg = Debug|Any CPU
		{3D914928-50FF-446A-AF54-761E49A2375F}.Debug|Any CPU.Build.0 = Debug|Any CPU
		{3D914928-50FF-446A-AF54-761E49A2375F}.Release|Any CPU.ActiveCfg = Release|Any CPU
		{3D914928-50FF-446A-AF54-761E49A2375F}.Release|Any CPU.Build.0 = Release|Any CPU
		{3D914928-50FF-446A-AF54-761E49A2375F}.Debug|iPhoneSimulator.ActiveCfg = Debug|Any CPU
		{3D914928-50FF-446A-AF54-761E49A2375F}.Debug|iPhoneSimulator.Build.0 = Debug|Any CPU
		{3D914928-50FF-446A-AF54-761E49A2375F}.Release|iPhone.ActiveCfg = Release|Any CPU
		{3D914928-50FF-446A-AF54-761E49A2375F}.Release|iPhone.Build.0 = Release|Any CPU
		{3D914928-50FF-446A-AF54-761E49A2375F}.Release|iPhoneSimulator.ActiveCfg = Release|Any CPU
		{3D914928-50FF-446A-AF54-761E49A2375F}.Release|iPhoneSimulator.Build.0 = Release|Any CPU
		{3D914928-50FF-446A-AF54-761E49A2375F}.Debug|iPhone.ActiveCfg = Debug|Any CPU
		{3D914928-50FF-446A-AF54-761E49A2375F}.Debug|iPhone.Build.0 = Debug|Any CPU
	EndGlobalSection
EndGlobal
